
Microsoft Visual Studio Solution File, Format Version 12.00
# Visual Studio Version 17
VisualStudioVersion = 17.8.34316.72
MinimumVisualStudioVersion = 10.0.40219.1
Project("{2150E333-8FDC-42A3-9474-1A3956D46DE8}") = "src", "src", "{BFA962B3-609E-401F-A7D3-CCD039957D69}"
EndProject
Project("{9A19103F-16F7-4668-BE54-9A1E7A4F7556}") = "paddleocr", "src\paddleocr\paddleocr.csproj", "{0C313D8D-19F6-4F65-9B66-DAC2C2C8B0FD}"
EndProject
Project("{2150E333-8FDC-42A3-9474-1A3956D46DE8}") = "test", "test", "{6A355908-98DB-4744-92DF-FBF4EAF6A717}"
EndProject
Project("{9A19103F-16F7-4668-BE54-9A1E7A4F7556}") = "test_ocr", "test\test_ocr\test_ocr.csproj", "{56572685-1786-42D9-AC89-1926C6582609}"
EndProject
Project("{9A19103F-16F7-4668-BE54-9A1E7A4F7556}") = "test_online_model", "test\test_online_model\test_online_model.csproj", "{0C3AFB56-1B5D-4BB5-A745-C8EDDB9E92DF}"
EndProject
Project("{9A19103F-16F7-4668-BE54-9A1E7A4F7556}") = "test_struct", "test\test_struct\test_struct.csproj", "{3851DE58-60FC-4B93-AC49-70BA8B7E49EE}"
EndProject
Project("{2150E333-8FDC-42A3-9474-1A3956D46DE8}") = "sample", "sample", "{8D2D7A4A-7FFB-4F16-9517-3BF6769767B6}"
EndProject
Project("{9A19103F-16F7-4668-BE54-9A1E7A4F7556}") = "OcrConsole", "sample\OcrConsole\OcrConsole.csproj", "{C9C47829-FC77-465A-9ABA-B53BC512CFB7}"
EndProject
Project("{9A19103F-16F7-4668-BE54-9A1E7A4F7556}") = "OcrConsoleNet6.0", "sample\OcrConsoleNet6.0\OcrConsoleNet6.0.csproj", "{29A60443-D067-4DCE-AAB9-F66D3DF988A5}"
EndProject
Project("{9A19103F-16F7-4668-BE54-9A1E7A4F7556}") = "OcrConsoleNet5.0", "sample\OcrConsoleNet5.0\OcrConsoleNet5.0.csproj", "{A3A3C04F-000C-48BE-8CAD-F53782359A71}"
EndProject
Project("{9A19103F-16F7-4668-BE54-9A1E7A4F7556}") = "OcrConsoleNet3.1", "sample\OcrConsoleNet3.1\OcrConsoleNet3.1.csproj", "{38F4E0F6-0EDC-4EA6-BDB2-D48293FE50BE}"
EndProject
Project("{FAE04EC0-301F-11D3-BF4B-00C04F79EFBC}") = "OcrConsole4.8", "sample\OcrConsole4.8\OcrConsole4.8.csproj", "{12A4602F-637F-49DC-82F1-7B49AB22A793}"
EndProject
Project("{FAE04EC0-301F-11D3-BF4B-00C04F79EFBC}") = "OcrConsoleNet8.0", "sample\OcrConsoleNet8.0\OcrConsoleNet8.0.csproj", "{611D3625-883B-41DE-8030-13152204AC42}"
EndProject
Project("{FAE04EC0-301F-11D3-BF4B-00C04F79EFBC}") = "OcrConsoleNet9.0", "sample\OcrConsoleNet9.0\OcrConsoleNet9.0.csproj", "{D1673BBE-060E-4935-BC22-49C6F5713BF4}"
EndProject
Global
	GlobalSection(SolutionConfigurationPlatforms) = preSolution
		Debug|Any CPU = Debug|Any CPU
		Release|Any CPU = Release|Any CPU
	EndGlobalSection
	GlobalSection(ProjectConfigurationPlatforms) = postSolution
		{0C313D8D-19F6-4F65-9B66-DAC2C2C8B0FD}.Debug|Any CPU.ActiveCfg = Debug|Any CPU
		{0C313D8D-19F6-4F65-9B66-DAC2C2C8B0FD}.Debug|Any CPU.Build.0 = Debug|Any CPU
		{0C313D8D-19F6-4F65-9B66-DAC2C2C8B0FD}.Release|Any CPU.ActiveCfg = Release|Any CPU
		{0C313D8D-19F6-4F65-9B66-DAC2C2C8B0FD}.Release|Any CPU.Build.0 = Release|Any CPU
		{56572685-1786-42D9-AC89-1926C6582609}.Debug|Any CPU.ActiveCfg = Debug|Any CPU
		{56572685-1786-42D9-AC89-1926C6582609}.Debug|Any CPU.Build.0 = Debug|Any CPU
		{56572685-1786-42D9-AC89-1926C6582609}.Release|Any CPU.ActiveCfg = Release|Any CPU
		{56572685-1786-42D9-AC89-1926C6582609}.Release|Any CPU.Build.0 = Release|Any CPU
		{0C3AFB56-1B5D-4BB5-A745-C8EDDB9E92DF}.Debug|Any CPU.ActiveCfg = Debug|Any CPU
		{0C3AFB56-1B5D-4BB5-A745-C8EDDB9E92DF}.Debug|Any CPU.Build.0 = Debug|Any CPU
		{0C3AFB56-1B5D-4BB5-A745-C8EDDB9E92DF}.Release|Any CPU.ActiveCfg = Release|Any CPU
		{0C3AFB56-1B5D-4BB5-A745-C8EDDB9E92DF}.Release|Any CPU.Build.0 = Release|Any CPU
		{3851DE58-60FC-4B93-AC49-70BA8B7E49EE}.Debug|Any CPU.ActiveCfg = Debug|Any CPU
		{3851DE58-60FC-4B93-AC49-70BA8B7E49EE}.Debug|Any CPU.Build.0 = Debug|Any CPU
		{3851DE58-60FC-4B93-AC49-70BA8B7E49EE}.Release|Any CPU.ActiveCfg = Release|Any CPU
		{3851DE58-60FC-4B93-AC49-70BA8B7E49EE}.Release|Any CPU.Build.0 = Release|Any CPU
		{C9C47829-FC77-465A-9ABA-B53BC512CFB7}.Debug|Any CPU.ActiveCfg = Debug|Any CPU
		{C9C47829-FC77-465A-9ABA-B53BC512CFB7}.Debug|Any CPU.Build.0 = Debug|Any CPU
		{C9C47829-FC77-465A-9ABA-B53BC512CFB7}.Release|Any CPU.ActiveCfg = Release|Any CPU
		{C9C47829-FC77-465A-9ABA-B53BC512CFB7}.Release|Any CPU.Build.0 = Release|Any CPU
		{29A60443-D067-4DCE-AAB9-F66D3DF988A5}.Debug|Any CPU.ActiveCfg = Debug|Any CPU
		{29A60443-D067-4DCE-AAB9-F66D3DF988A5}.Debug|Any CPU.Build.0 = Debug|Any CPU
		{29A60443-D067-4DCE-AAB9-F66D3DF988A5}.Release|Any CPU.ActiveCfg = Release|Any CPU
		{29A60443-D067-4DCE-AAB9-F66D3DF988A5}.Release|Any CPU.Build.0 = Release|Any CPU
		{A3A3C04F-000C-48BE-8CAD-F53782359A71}.Debug|Any CPU.ActiveCfg = Debug|Any CPU
		{A3A3C04F-000C-48BE-8CAD-F53782359A71}.Debug|Any CPU.Build.0 = Debug|Any CPU
		{A3A3C04F-000C-48BE-8CAD-F53782359A71}.Release|Any CPU.ActiveCfg = Release|Any CPU
		{A3A3C04F-000C-48BE-8CAD-F53782359A71}.Release|Any CPU.Build.0 = Release|Any CPU
		{38F4E0F6-0EDC-4EA6-BDB2-D48293FE50BE}.Debug|Any CPU.ActiveCfg = Debug|Any CPU
		{38F4E0F6-0EDC-4EA6-BDB2-D48293FE50BE}.Debug|Any CPU.Build.0 = Debug|Any CPU
		{38F4E0F6-0EDC-4EA6-BDB2-D48293FE50BE}.Release|Any CPU.ActiveCfg = Release|Any CPU
		{38F4E0F6-0EDC-4EA6-BDB2-D48293FE50BE}.Release|Any CPU.Build.0 = Release|Any CPU
		{12A4602F-637F-49DC-82F1-7B49AB22A793}.Debug|Any CPU.ActiveCfg = Debug|Any CPU
		{12A4602F-637F-49DC-82F1-7B49AB22A793}.Debug|Any CPU.Build.0 = Debug|Any CPU
		{12A4602F-637F-49DC-82F1-7B49AB22A793}.Release|Any CPU.ActiveCfg = Release|Any CPU
		{12A4602F-637F-49DC-82F1-7B49AB22A793}.Release|Any CPU.Build.0 = Release|Any CPU
		{611D3625-883B-41DE-8030-13152204AC42}.Debug|Any CPU.ActiveCfg = Debug|Any CPU
		{611D3625-883B-41DE-8030-13152204AC42}.Debug|Any CPU.Build.0 = Debug|Any CPU
		{611D3625-883B-41DE-8030-13152204AC42}.Release|Any CPU.ActiveCfg = Release|Any CPU
		{611D3625-883B-41DE-8030-13152204AC42}.Release|Any CPU.Build.0 = Release|Any CPU
		{D1673BBE-060E-4935-BC22-49C6F5713BF4}.Debug|Any CPU.ActiveCfg = Debug|Any CPU
		{D1673BBE-060E-4935-BC22-49C6F5713BF4}.Debug|Any CPU.Build.0 = Debug|Any CPU
		{D1673BBE-060E-4935-BC22-49C6F5713BF4}.Release|Any CPU.ActiveCfg = Release|Any CPU
		{D1673BBE-060E-4935-BC22-49C6F5713BF4}.Release|Any CPU.Build.0 = Release|Any CPU
	EndGlobalSection
	GlobalSection(SolutionProperties) = preSolution
		HideSolutionNode = FALSE
	EndGlobalSection
	GlobalSection(NestedProjects) = preSolution
		{0C313D8D-19F6-4F65-9B66-DAC2C2C8B0FD} = {BFA962B3-609E-401F-A7D3-CCD039957D69}
		{56572685-1786-42D9-AC89-1926C6582609} = {6A355908-98DB-4744-92DF-FBF4EAF6A717}
		{0C3AFB56-1B5D-4BB5-A745-C8EDDB9E92DF} = {6A355908-98DB-4744-92DF-FBF4EAF6A717}
		{3851DE58-60FC-4B93-AC49-70BA8B7E49EE} = {6A355908-98DB-4744-92DF-FBF4EAF6A717}
		{C9C47829-FC77-465A-9ABA-B53BC512CFB7} = {8D2D7A4A-7FFB-4F16-9517-3BF6769767B6}
		{29A60443-D067-4DCE-AAB9-F66D3DF988A5} = {8D2D7A4A-7FFB-4F16-9517-3BF6769767B6}
		{A3A3C04F-000C-48BE-8CAD-F53782359A71} = {8D2D7A4A-7FFB-4F16-9517-3BF6769767B6}
		{38F4E0F6-0EDC-4EA6-BDB2-D48293FE50BE} = {8D2D7A4A-7FFB-4F16-9517-3BF6769767B6}
		{12A4602F-637F-49DC-82F1-7B49AB22A793} = {8D2D7A4A-7FFB-4F16-9517-3BF6769767B6}
		{611D3625-883B-41DE-8030-13152204AC42} = {8D2D7A4A-7FFB-4F16-9517-3BF6769767B6}
		{D1673BBE-060E-4935-BC22-49C6F5713BF4} = {8D2D7A4A-7FFB-4F16-9517-3BF6769767B6}
	EndGlobalSection
	GlobalSection(ExtensibilityGlobals) = postSolution
		SolutionGuid = {4F815774-8894-4BA8-9E4A-EF597452775D}
	EndGlobalSection
EndGlobal
