
Microsoft Visual Studio Solution File, Format Version 12.00
# Visual Studio Version 17
VisualStudioVersion = 17.2.32602.215
MinimumVisualStudioVersion = 10.0.40219.1
Project("{FAE04EC0-301F-11D3-BF4B-00C04F79EFBC}") = "PaddleOCR文字识别", "PaddleOCR文字识别\PaddleOCR文字识别.csproj", "{413BADD2-8530-4A58-8E7F-02355CDFA6EA}"
EndProject
Global
	GlobalSection(SolutionConfigurationPlatforms) = preSolution
		Debug|Any CPU = Debug|Any CPU
		Release|Any CPU = Release|Any CPU
	EndGlobalSection
	GlobalSection(ProjectConfigurationPlatforms) = postSolution
		{413BADD2-8530-4A58-8E7F-02355CDFA6EA}.Debug|Any CPU.ActiveCfg = Debug|Any CPU
		{413BADD2-8530-4A58-8E7F-02355CDFA6EA}.Debug|Any CPU.Build.0 = Debug|Any CPU
		{413BADD2-8530-4A58-8E7F-02355CDFA6EA}.Release|Any CPU.ActiveCfg = Release|Any CPU
		{413BADD2-8530-4A58-8E7F-02355CDFA6EA}.Release|Any CPU.Build.0 = Release|Any CPU
	EndGlobalSection
	GlobalSection(SolutionProperties) = preSolution
		HideSolutionNode = FALSE
	EndGlobalSection
	GlobalSection(ExtensibilityGlobals) = postSolution
		SolutionGuid = {2B0F5514-C2D0-4301-8E33-3B5210F434F8}
	EndGlobalSection
EndGlobal
